// !$*UTF8*$!
{
	archiveVersion = 1;
	classes = {
	};
	objectVersion = 46;
	objects = {

/* Begin PBXBuildFile section */
		9C6AF37916208F620026AC3C /* UIKit.framework in Frameworks */ = {isa = PBXBuildFile; fileRef = 9C6AF37816208F620026AC3C /* UIKit.framework */; };
		9C6AF37B16208F620026AC3C /* Foundation.framework in Frameworks */ = {isa = PBXBuildFile; fileRef = 9C6AF37A16208F620026AC3C /* Foundation.framework */; };
		9C6AF37D16208F620026AC3C /* CoreGraphics.framework in Frameworks */ = {isa = PBXBuildFile; fileRef = 9C6AF37C16208F620026AC3C /* CoreGraphics.framework */; };
		9C6AF38316208F620026AC3C /* InfoPlist.strings in Resources */ = {isa = PBXBuildFile; fileRef = 9C6AF38116208F620026AC3C /* InfoPlist.strings */; };
		9C6AF38516208F620026AC3C /* main.m in Sources */ = {isa = PBXBuildFile; fileRef = 9C6AF38416208F620026AC3C /* main.m */; };
		9C6AF39B16208FBD0026AC3C /* moes.jpg in Resources */ = {isa = PBXBuildFile; fileRef = 9C6AF39A16208FBD0026AC3C /* moes.jpg */; };
		9C6AF3A316208FDE0026AC3C /* AppDelegate.m in Sources */ = {isa = PBXBuildFile; fileRef = 9C6AF39D16208FDE0026AC3C /* AppDelegate.m */; };
		9C6AF3A416208FDE0026AC3C /* DetailViewController.m in Sources */ = {isa = PBXBuildFile; fileRef = 9C6AF39F16208FDE0026AC3C /* DetailViewController.m */; };
		9C6AF3A516208FDE0026AC3C /* DetailsView.xib in Resources */ = {isa = PBXBuildFile; fileRef = 9C6AF3A016208FDE0026AC3C /* DetailsView.xib */; };
		9C6AF3A616208FDE0026AC3C /* StatusViewController.m in Sources */ = {isa = PBXBuildFile; fileRef = 9C6AF3A216208FDE0026AC3C /* StatusViewController.m */; };
		9C6AF3AD16209EB40026AC3C /* StatusView.xib in Resources */ = {isa = PBXBuildFile; fileRef = 9C6AF3AC16209EB40026AC3C /* StatusView.xib */; };
		9C6AF3B01620A4230026AC3C /* Restaurant.m in Sources */ = {isa = PBXBuildFile; fileRef = 9C6AF3AF1620A4220026AC3C /* Restaurant.m */; };
		9C6AF3DE1620B8C60026AC3C /* libsqlite3.dylib in Frameworks */ = {isa = PBXBuildFile; fileRef = 9C6AF3DD1620B8C50026AC3C /* libsqlite3.dylib */; };
		9C6AF3EA1620B9BA0026AC3C /* FMDatabase.m in Sources */ = {isa = PBXBuildFile; fileRef = 9C6AF3E11620B9BA0026AC3C /* FMDatabase.m */; };
		9C6AF3EB1620B9BA0026AC3C /* FMDatabaseAdditions.m in Sources */ = {isa = PBXBuildFile; fileRef = 9C6AF3E31620B9BA0026AC3C /* FMDatabaseAdditions.m */; };
		9C6AF3EC1620B9BA0026AC3C /* FMDatabasePool.m in Sources */ = {isa = PBXBuildFile; fileRef = 9C6AF3E51620B9BA0026AC3C /* FMDatabasePool.m */; };
		9C6AF3ED1620B9BA0026AC3C /* FMDatabaseQueue.m in Sources */ = {isa = PBXBuildFile; fileRef = 9C6AF3E71620B9BA0026AC3C /* FMDatabaseQueue.m */; };
		9C6AF3EE1620B9BA0026AC3C /* FMResultSet.m in Sources */ = {isa = PBXBuildFile; fileRef = 9C6AF3E91620B9BA0026AC3C /* FMResultSet.m */; };
		9C6AF3EF1620BFC60026AC3C /* restaurants.db in Resources */ = {isa = PBXBuildFile; fileRef = 2052ECA21620A9B100BF3F13 /* restaurants.db */; };
/* End PBXBuildFile section */

/* Begin PBXFileReference section */
		2052ECA21620A9B100BF3F13 /* restaurants.db */ = {isa = PBXFileReference; lastKnownFileType = file; path = restaurants.db; sourceTree = "<group>"; };
		9C6AF37416208F620026AC3C /* usffoodnow.app */ = {isa = PBXFileReference; explicitFileType = wrapper.application; includeInIndex = 0; path = usffoodnow.app; sourceTree = BUILT_PRODUCTS_DIR; };
		9C6AF37816208F620026AC3C /* UIKit.framework */ = {isa = PBXFileReference; lastKnownFileType = wrapper.framework; name = UIKit.framework; path = System/Library/Frameworks/UIKit.framework; sourceTree = SDKROOT; };
		9C6AF37A16208F620026AC3C /* Foundation.framework */ = {isa = PBXFileReference; lastKnownFileType = wrapper.framework; name = Foundation.framework; path = System/Library/Frameworks/Foundation.framework; sourceTree = SDKROOT; };
		9C6AF37C16208F620026AC3C /* CoreGraphics.framework */ = {isa = PBXFileReference; lastKnownFileType = wrapper.framework; name = CoreGraphics.framework; path = System/Library/Frameworks/CoreGraphics.framework; sourceTree = SDKROOT; };
		9C6AF38016208F620026AC3C /* usffoodnow-Info.plist */ = {isa = PBXFileReference; lastKnownFileType = text.plist.xml; path = "usffoodnow-Info.plist"; sourceTree = "<group>"; };
		9C6AF38216208F620026AC3C /* en */ = {isa = PBXFileReference; lastKnownFileType = text.plist.strings; name = en; path = en.lproj/InfoPlist.strings; sourceTree = "<group>"; };
		9C6AF38416208F620026AC3C /* main.m */ = {isa = PBXFileReference; lastKnownFileType = sourcecode.c.objc; path = main.m; sourceTree = "<group>"; };
		9C6AF38616208F620026AC3C /* usffoodnow-Prefix.pch */ = {isa = PBXFileReference; lastKnownFileType = sourcecode.c.h; path = "usffoodnow-Prefix.pch"; sourceTree = "<group>"; };
		9C6AF39A16208FBD0026AC3C /* moes.jpg */ = {isa = PBXFileReference; lastKnownFileType = image.jpeg; path = moes.jpg; sourceTree = "<group>"; };
		9C6AF39C16208FDE0026AC3C /* AppDelegate.h */ = {isa = PBXFileReference; fileEncoding = 4; lastKnownFileType = sourcecode.c.h; path = AppDelegate.h; sourceTree = "<group>"; };
		9C6AF39D16208FDE0026AC3C /* AppDelegate.m */ = {isa = PBXFileReference; fileEncoding = 4; lastKnownFileType = sourcecode.c.objc; path = AppDelegate.m; sourceTree = "<group>"; };
		9C6AF39E16208FDE0026AC3C /* DetailViewController.h */ = {isa = PBXFileReference; fileEncoding = 4; lastKnownFileType = sourcecode.c.h; path = DetailViewController.h; sourceTree = "<group>"; };
		9C6AF39F16208FDE0026AC3C /* DetailViewController.m */ = {isa = PBXFileReference; fileEncoding = 4; lastKnownFileType = sourcecode.c.objc; path = DetailViewController.m; sourceTree = "<group>"; };
		9C6AF3A016208FDE0026AC3C /* DetailsView.xib */ = {isa = PBXFileReference; fileEncoding = 4; lastKnownFileType = file.xib; path = DetailsView.xib; sourceTree = "<group>"; };
		9C6AF3A116208FDE0026AC3C /* StatusViewController.h */ = {isa = PBXFileReference; fileEncoding = 4; lastKnownFileType = sourcecode.c.h; path = StatusViewController.h; sourceTree = "<group>"; };
		9C6AF3A216208FDE0026AC3C /* StatusViewController.m */ = {isa = PBXFileReference; fileEncoding = 4; lastKnownFileType = sourcecode.c.objc; path = StatusViewController.m; sourceTree = "<group>"; };
		9C6AF3AC16209EB40026AC3C /* StatusView.xib */ = {isa = PBXFileReference; fileEncoding = 4; lastKnownFileType = file.xib; path = StatusView.xib; sourceTree = "<group>"; };
		9C6AF3AE1620A4220026AC3C /* Restaurant.h */ = {isa = PBXFileReference; fileEncoding = 4; lastKnownFileType = sourcecode.c.h; path = Restaurant.h; sourceTree = "<group>"; };
		9C6AF3AF1620A4220026AC3C /* Restaurant.m */ = {isa = PBXFileReference; fileEncoding = 4; lastKnownFileType = sourcecode.c.objc; path = Restaurant.m; sourceTree = "<group>"; };
		9C6AF3DD1620B8C50026AC3C /* libsqlite3.dylib */ = {isa = PBXFileReference; lastKnownFileType = "compiled.mach-o.dylib"; name = libsqlite3.dylib; path = usr/lib/libsqlite3.dylib; sourceTree = SDKROOT; };
		9C6AF3E01620B9BA0026AC3C /* FMDatabase.h */ = {isa = PBXFileReference; fileEncoding = 4; lastKnownFileType = sourcecode.c.h; name = FMDatabase.h; path = "FMDB Source/FMDatabase.h"; sourceTree = "<group>"; };
		9C6AF3E11620B9BA0026AC3C /* FMDatabase.m */ = {isa = PBXFileReference; fileEncoding = 4; lastKnownFileType = sourcecode.c.objc; name = FMDatabase.m; path = "FMDB Source/FMDatabase.m"; sourceTree = "<group>"; };
		9C6AF3E21620B9BA0026AC3C /* FMDatabaseAdditions.h */ = {isa = PBXFileReference; fileEncoding = 4; lastKnownFileType = sourcecode.c.h; name = FMDatabaseAdditions.h; path = "FMDB Source/FMDatabaseAdditions.h"; sourceTree = "<group>"; };
		9C6AF3E31620B9BA0026AC3C /* FMDatabaseAdditions.m */ = {isa = PBXFileReference; fileEncoding = 4; lastKnownFileType = sourcecode.c.objc; name = FMDatabaseAdditions.m; path = "FMDB Source/FMDatabaseAdditions.m"; sourceTree = "<group>"; };
		9C6AF3E41620B9BA0026AC3C /* FMDatabasePool.h */ = {isa = PBXFileReference; fileEncoding = 4; lastKnownFileType = sourcecode.c.h; name = FMDatabasePool.h; path = "FMDB Source/FMDatabasePool.h"; sourceTree = "<group>"; };
		9C6AF3E51620B9BA0026AC3C /* FMDatabasePool.m */ = {isa = PBXFileReference; fileEncoding = 4; lastKnownFileType = sourcecode.c.objc; name = FMDatabasePool.m; path = "FMDB Source/FMDatabasePool.m"; sourceTree = "<group>"; };
		9C6AF3E61620B9BA0026AC3C /* FMDatabaseQueue.h */ = {isa = PBXFileReference; fileEncoding = 4; lastKnownFileType = sourcecode.c.h; name = FMDatabaseQueue.h; path = "FMDB Source/FMDatabaseQueue.h"; sourceTree = "<group>"; };
		9C6AF3E71620B9BA0026AC3C /* FMDatabaseQueue.m */ = {isa = PBXFileReference; fileEncoding = 4; lastKnownFileType = sourcecode.c.objc; name = FMDatabaseQueue.m; path = "FMDB Source/FMDatabaseQueue.m"; sourceTree = "<group>"; };
		9C6AF3E81620B9BA0026AC3C /* FMResultSet.h */ = {isa = PBXFileReference; fileEncoding = 4; lastKnownFileType = sourcecode.c.h; name = FMResultSet.h; path = "FMDB Source/FMResultSet.h"; sourceTree = "<group>"; };
		9C6AF3E91620B9BA0026AC3C /* FMResultSet.m */ = {isa = PBXFileReference; fileEncoding = 4; lastKnownFileType = sourcecode.c.objc; name = FMResultSet.m; path = "FMDB Source/FMResultSet.m"; sourceTree = "<group>"; };
/* End PBXFileReference section */

/* Begin PBXFrameworksBuildPhase section */
		9C6AF37116208F620026AC3C /* Frameworks */ = {
			isa = PBXFrameworksBuildPhase;
			buildActionMask = 2147483647;
			files = (
				9C6AF3DE1620B8C60026AC3C /* libsqlite3.dylib in Frameworks */,
				9C6AF37916208F620026AC3C /* UIKit.framework in Frameworks */,
				9C6AF37B16208F620026AC3C /* Foundation.framework in Frameworks */,
				9C6AF37D16208F620026AC3C /* CoreGraphics.framework in Frameworks */,
			);
			runOnlyForDeploymentPostprocessing = 0;
		};
/* End PBXFrameworksBuildPhase section */

/* Begin PBXGroup section */
		9C6AF36916208F620026AC3C = {
			isa = PBXGroup;
			children = (
				9C6AF3DF1620B90F0026AC3C /* FMDB Source */,
				9C6AF3DD1620B8C50026AC3C /* libsqlite3.dylib */,
				9C6AF3AE1620A4220026AC3C /* Restaurant.h */,
				9C6AF3AF1620A4220026AC3C /* Restaurant.m */,
				9C6AF3AC16209EB40026AC3C /* StatusView.xib */,
				2052ECA21620A9B100BF3F13 /* restaurants.db */,
				9C6AF39C16208FDE0026AC3C /* AppDelegate.h */,
				9C6AF39D16208FDE0026AC3C /* AppDelegate.m */,
				9C6AF39E16208FDE0026AC3C /* DetailViewController.h */,
				9C6AF39F16208FDE0026AC3C /* DetailViewController.m */,
				9C6AF3A016208FDE0026AC3C /* DetailsView.xib */,
				9C6AF3A116208FDE0026AC3C /* StatusViewController.h */,
				9C6AF3A216208FDE0026AC3C /* StatusViewController.m */,
				9C6AF39A16208FBD0026AC3C /* moes.jpg */,
				9C6AF37E16208F620026AC3C /* usffoodnow */,
				9C6AF37716208F620026AC3C /* Frameworks */,
				9C6AF37516208F620026AC3C /* Products */,
			);
			sourceTree = "<group>";
		};
		9C6AF37516208F620026AC3C /* Products */ = {
			isa = PBXGroup;
			children = (
				9C6AF37416208F620026AC3C /* usffoodnow.app */,
			);
			name = Products;
			sourceTree = "<group>";
		};
		9C6AF37716208F620026AC3C /* Frameworks */ = {
			isa = PBXGroup;
			children = (
				9C6AF37816208F620026AC3C /* UIKit.framework */,
				9C6AF37A16208F620026AC3C /* Foundation.framework */,
				9C6AF37C16208F620026AC3C /* CoreGraphics.framework */,
			);
			name = Frameworks;
			sourceTree = "<group>";
		};
		9C6AF37E16208F620026AC3C /* usffoodnow */ = {
			isa = PBXGroup;
			children = (
				9C6AF37F16208F620026AC3C /* Supporting Files */,
			);
			path = usffoodnow;
			sourceTree = "<group>";
		};
		9C6AF37F16208F620026AC3C /* Supporting Files */ = {
			isa = PBXGroup;
			children = (
				9C6AF38016208F620026AC3C /* usffoodnow-Info.plist */,
				9C6AF38116208F620026AC3C /* InfoPlist.strings */,
				9C6AF38416208F620026AC3C /* main.m */,
				9C6AF38616208F620026AC3C /* usffoodnow-Prefix.pch */,
			);
			name = "Supporting Files";
			sourceTree = "<group>";
		};
		9C6AF3DF1620B90F0026AC3C /* FMDB Source */ = {
			isa = PBXGroup;
			children = (
				9C6AF3E01620B9BA0026AC3C /* FMDatabase.h */,
				9C6AF3E11620B9BA0026AC3C /* FMDatabase.m */,
				9C6AF3E21620B9BA0026AC3C /* FMDatabaseAdditions.h */,
				9C6AF3E31620B9BA0026AC3C /* FMDatabaseAdditions.m */,
				9C6AF3E41620B9BA0026AC3C /* FMDatabasePool.h */,
				9C6AF3E51620B9BA0026AC3C /* FMDatabasePool.m */,
				9C6AF3E61620B9BA0026AC3C /* FMDatabaseQueue.h */,
				9C6AF3E71620B9BA0026AC3C /* FMDatabaseQueue.m */,
				9C6AF3E81620B9BA0026AC3C /* FMResultSet.h */,
				9C6AF3E91620B9BA0026AC3C /* FMResultSet.m */,
			);
			name = "FMDB Source";
			sourceTree = "<group>";
		};
/* End PBXGroup section */

/* Begin PBXNativeTarget section */
		9C6AF37316208F620026AC3C /* usffoodnow */ = {
			isa = PBXNativeTarget;
			buildConfigurationList = 9C6AF38C16208F620026AC3C /* Build configuration list for PBXNativeTarget "usffoodnow" */;
			buildPhases = (
				9C6AF37016208F620026AC3C /* Sources */,
				9C6AF37116208F620026AC3C /* Frameworks */,
				9C6AF37216208F620026AC3C /* Resources */,
			);
			buildRules = (
			);
			dependencies = (
			);
			name = usffoodnow;
			productName = usffoodnow;
			productReference = 9C6AF37416208F620026AC3C /* usffoodnow.app */;
			productType = "com.apple.product-type.application";
		};
/* End PBXNativeTarget section */

/* Begin PBXProject section */
		9C6AF36B16208F620026AC3C /* Project object */ = {
			isa = PBXProject;
			attributes = {
				LastUpgradeCheck = 0420;
			};
			buildConfigurationList = 9C6AF36E16208F620026AC3C /* Build configuration list for PBXProject "usffoodnow" */;
			compatibilityVersion = "Xcode 3.2";
			developmentRegion = English;
			hasScannedForEncodings = 0;
			knownRegions = (
				en,
			);
			mainGroup = 9C6AF36916208F620026AC3C;
			productRefGroup = 9C6AF37516208F620026AC3C /* Products */;
			projectDirPath = "";
			projectRoot = "";
			targets = (
				9C6AF37316208F620026AC3C /* usffoodnow */,
			);
		};
/* End PBXProject section */

/* Begin PBXResourcesBuildPhase section */
		9C6AF37216208F620026AC3C /* Resources */ = {
			isa = PBXResourcesBuildPhase;
			buildActionMask = 2147483647;
			files = (
				9C6AF38316208F620026AC3C /* InfoPlist.strings in Resources */,
				9C6AF39B16208FBD0026AC3C /* moes.jpg in Resources */,
				9C6AF3EF1620BFC60026AC3C /* restaurants.db in Resources */,
				9C6AF3A516208FDE0026AC3C /* DetailsView.xib in Resources */,
				9C6AF3AD16209EB40026AC3C /* StatusView.xib in Resources */,
			);
			runOnlyForDeploymentPostprocessing = 0;
		};
/* End PBXResourcesBuildPhase section */

/* Begin PBXSourcesBuildPhase section */
		9C6AF37016208F620026AC3C /* Sources */ = {
			isa = PBXSourcesBuildPhase;
			buildActionMask = 2147483647;
			files = (
				9C6AF38516208F620026AC3C /* main.m in Sources */,
				9C6AF3A316208FDE0026AC3C /* AppDelegate.m in Sources */,
				9C6AF3A416208FDE0026AC3C /* DetailViewController.m in Sources */,
				9C6AF3A616208FDE0026AC3C /* StatusViewController.m in Sources */,
				9C6AF3B01620A4230026AC3C /* Restaurant.m in Sources */,
				9C6AF3EA1620B9BA0026AC3C /* FMDatabase.m in Sources */,
				9C6AF3EB1620B9BA0026AC3C /* FMDatabaseAdditions.m in Sources */,
				9C6AF3EC1620B9BA0026AC3C /* FMDatabasePool.m in Sources */,
				9C6AF3ED1620B9BA0026AC3C /* FMDatabaseQueue.m in Sources */,
				9C6AF3EE1620B9BA0026AC3C /* FMResultSet.m in Sources */,
			);
			runOnlyForDeploymentPostprocessing = 0;
		};
/* End PBXSourcesBuildPhase section */

/* Begin PBXVariantGroup section */
		9C6AF38116208F620026AC3C /* InfoPlist.strings */ = {
			isa = PBXVariantGroup;
			children = (
				9C6AF38216208F620026AC3C /* en */,
			);
			name = InfoPlist.strings;
			sourceTree = "<group>";
		};
/* End PBXVariantGroup section */

/* Begin XCBuildConfiguration section */
		9C6AF38A16208F620026AC3C /* Debug */ = {
			isa = XCBuildConfiguration;
			buildSettings = {
				ALWAYS_SEARCH_USER_PATHS = NO;
				ARCHS = "$(ARCHS_STANDARD_32_BIT)";
				CLANG_ENABLE_OBJC_ARC = YES;
				"CODE_SIGN_IDENTITY[sdk=iphoneos*]" = "iPhone Developer";
				COPY_PHASE_STRIP = NO;
				GCC_C_LANGUAGE_STANDARD = gnu99;
				GCC_DYNAMIC_NO_PIC = NO;
				GCC_OPTIMIZATION_LEVEL = 0;
				GCC_PREPROCESSOR_DEFINITIONS = (
					"DEBUG=1",
					"$(inherited)",
				);
				GCC_SYMBOLS_PRIVATE_EXTERN = NO;
				GCC_VERSION = com.apple.compilers.llvm.clang.1_0;
				GCC_WARN_ABOUT_MISSING_PROTOTYPES = YES;
				GCC_WARN_ABOUT_RETURN_TYPE = YES;
				GCC_WARN_UNUSED_VARIABLE = YES;
				IPHONEOS_DEPLOYMENT_TARGET = 5.0;
				SDKROOT = iphoneos5.0;
			};
			name = Debug;
		};
		9C6AF38B16208F620026AC3C /* Release */ = {
			isa = XCBuildConfiguration;
			buildSettings = {
				ALWAYS_SEARCH_USER_PATHS = NO;
				ARCHS = "$(ARCHS_STANDARD_32_BIT)";
				CLANG_ENABLE_OBJC_ARC = YES;
				"CODE_SIGN_IDENTITY[sdk=iphoneos*]" = "iPhone Developer";
				COPY_PHASE_STRIP = YES;
				GCC_C_LANGUAGE_STANDARD = gnu99;
				GCC_VERSION = com.apple.compilers.llvm.clang.1_0;
				GCC_WARN_ABOUT_MISSING_PROTOTYPES = YES;
				GCC_WARN_ABOUT_RETURN_TYPE = YES;
				GCC_WARN_UNUSED_VARIABLE = YES;
				IPHONEOS_DEPLOYMENT_TARGET = 5.0;
				OTHER_CFLAGS = "-DNS_BLOCK_ASSERTIONS=1";
				SDKROOT = iphoneos5.0;
				VALIDATE_PRODUCT = YES;
			};
			name = Release;
		};
		9C6AF38D16208F620026AC3C /* Debug */ = {
			isa = XCBuildConfiguration;
			buildSettings = {
				GCC_PRECOMPILE_PREFIX_HEADER = YES;
				GCC_PREFIX_HEADER = "usffoodnow/usffoodnow-Prefix.pch";
				INFOPLIST_FILE = "usffoodnow/usffoodnow-Info.plist";
				PRODUCT_NAME = "$(TARGET_NAME)";
				WRAPPER_EXTENSION = app;
			};
			name = Debug;
		};
		9C6AF38E16208F620026AC3C /* Release */ = {
			isa = XCBuildConfiguration;
			buildSettings = {
				GCC_PRECOMPILE_PREFIX_HEADER = YES;
				GCC_PREFIX_HEADER = "usffoodnow/usffoodnow-Prefix.pch";
				INFOPLIST_FILE = "usffoodnow/usffoodnow-Info.plist";
				PRODUCT_NAME = "$(TARGET_NAME)";
				WRAPPER_EXTENSION = app;
			};
			name = Release;
		};
/* End XCBuildConfiguration section */

/* Begin XCConfigurationList section */
		9C6AF36E16208F620026AC3C /* Build configuration list for PBXProject "usffoodnow" */ = {
			isa = XCConfigurationList;
			buildConfigurations = (
				9C6AF38A16208F620026AC3C /* Debug */,
				9C6AF38B16208F620026AC3C /* Release */,
			);
			defaultConfigurationIsVisible = 0;
			defaultConfigurationName = Release;
		};
		9C6AF38C16208F620026AC3C /* Build configuration list for PBXNativeTarget "usffoodnow" */ = {
			isa = XCConfigurationList;
			buildConfigurations = (
				9C6AF38D16208F620026AC3C /* Debug */,
				9C6AF38E16208F620026AC3C /* Release */,
			);
			defaultConfigurationIsVisible = 0;
			defaultConfigurationName = Release;
		};
/* End XCConfigurationList section */
	};
	rootObject = 9C6AF36B16208F620026AC3C /* Project object */;
}
